// !$*UTF8*$!
{
	archiveVersion = 1;
	classes = {
	};
	objectVersion = 50;
	objects = {

/* Begin PBXBuildFile section */
		23895D842086D391008CEB61 /* AppDelegate.swift in Sources */ = {isa = PBXBuildFile; fileRef = 23895D832086D391008CEB61 /* AppDelegate.swift */; };
		23895D8A2086D391008CEB61 /* GameScene.swift in Sources */ = {isa = PBXBuildFile; fileRef = 23895D892086D391008CEB61 /* GameScene.swift */; };
		23895D8C2086D391008CEB61 /* GameViewController.swift in Sources */ = {isa = PBXBuildFile; fileRef = 23895D8B2086D391008CEB61 /* GameViewController.swift */; };
		23895D8F2086D391008CEB61 /* Main.storyboard in Resources */ = {isa = PBXBuildFile; fileRef = 23895D8D2086D391008CEB61 /* Main.storyboard */; };
		23895D912086D392008CEB61 /* Assets.xcassets in Resources */ = {isa = PBXBuildFile; fileRef = 23895D902086D392008CEB61 /* Assets.xcassets */; };
		23895D942086D392008CEB61 /* LaunchScreen.storyboard in Resources */ = {isa = PBXBuildFile; fileRef = 23895D922086D392008CEB61 /* LaunchScreen.storyboard */; };
/* End PBXBuildFile section */

/* Begin PBXFileReference section */
		23895D802086D391008CEB61 /* FallingStars.app */ = {isa = PBXFileReference; explicitFileType = wrapper.application; includeInIndex = 0; path = FallingStars.app; sourceTree = BUILT_PRODUCTS_DIR; };
		23895D832086D391008CEB61 /* AppDelegate.swift */ = {isa = PBXFileReference; lastKnownFileType = sourcecode.swift; path = AppDelegate.swift; sourceTree = "<group>"; };
		23895D892086D391008CEB61 /* GameScene.swift */ = {isa = PBXFileReference; lastKnownFileType = sourcecode.swift; path = GameScene.swift; sourceTree = "<group>"; };
		23895D8B2086D391008CEB61 /* GameViewController.swift */ = {isa = PBXFileReference; lastKnownFileType = sourcecode.swift; path = GameViewController.swift; sourceTree = "<group>"; };
		23895D8E2086D391008CEB61 /* Base */ = {isa = PBXFileReference; lastKnownFileType = file.storyboard; name = Base; path = Base.lproj/Main.storyboard; sourceTree = "<group>"; };
		23895D902086D392008CEB61 /* Assets.xcassets */ = {isa = PBXFileReference; lastKnownFileType = folder.assetcatalog; path = Assets.xcassets; sourceTree = "<group>"; };
		23895D932086D392008CEB61 /* Base */ = {isa = PBXFileReference; lastKnownFileType = file.storyboard; name = Base; path = Base.lproj/LaunchScreen.storyboard; sourceTree = "<group>"; };
		23895D952086D392008CEB61 /* Info.plist */ = {isa = PBXFileReference; lastKnownFileType = text.plist.xml; path = Info.plist; sourceTree = "<group>"; };
/* End PBXFileReference section */

/* Begin PBXFrameworksBuildPhase section */
		23895D7D2086D391008CEB61 /* Frameworks */ = {
			isa = PBXFrameworksBuildPhase;
			buildActionMask = 2147483647;
			files = (
			);
			runOnlyForDeploymentPostprocessing = 0;
		};
/* End PBXFrameworksBuildPhase section */

/* Begin PBXGroup section */
		23895D772086D390008CEB61 = {
			isa = PBXGroup;
			children = (
				23895D822086D391008CEB61 /* FallingStars */,
				23895D812086D391008CEB61 /* Products */,
			);
			sourceTree = "<group>";
		};
		23895D812086D391008CEB61 /* Products */ = {
			isa = PBXGroup;
			children = (
				23895D802086D391008CEB61 /* FallingStars.app */,
			);
			name = Products;
			sourceTree = "<group>";
		};
		23895D822086D391008CEB61 /* FallingStars */ = {
			isa = PBXGroup;
			children = (
				23895D892086D391008CEB61 /* GameScene.swift */,
				23895D8B2086D391008CEB61 /* GameViewController.swift */,
				23895D9B2086D4D2008CEB61 /* Storyboards */,
				23895D9C2086D4DF008CEB61 /* Resources */,
			);
			path = FallingStars;
			sourceTree = "<group>";
		};
		23895D9B2086D4D2008CEB61 /* Storyboards */ = {
			isa = PBXGroup;
			children = (
				23895D8D2086D391008CEB61 /* Main.storyboard */,
				23895D922086D392008CEB61 /* LaunchScreen.storyboard */,
			);
			path = Storyboards;
			sourceTree = "<group>";
		};
		23895D9C2086D4DF008CEB61 /* Resources */ = {
			isa = PBXGroup;
			children = (
				23895D832086D391008CEB61 /* AppDelegate.swift */,
				23895D902086D392008CEB61 /* Assets.xcassets */,
				23895D952086D392008CEB61 /* Info.plist */,
			);
			path = Resources;
			sourceTree = "<group>";
		};
/* End PBXGroup section */

/* Begin PBXNativeTarget section */
		23895D7F2086D391008CEB61 /* FallingStars */ = {
			isa = PBXNativeTarget;
			buildConfigurationList = 23895D982086D392008CEB61 /* Build configuration list for PBXNativeTarget "FallingStars" */;
			buildPhases = (
				23895D7C2086D391008CEB61 /* Sources */,
				23895D7D2086D391008CEB61 /* Frameworks */,
				23895D7E2086D391008CEB61 /* Resources */,
			);
			buildRules = (
			);
			dependencies = (
			);
			name = FallingStars;
			productName = FallingStars;
			productReference = 23895D802086D391008CEB61 /* FallingStars.app */;
			productType = "com.apple.product-type.application";
		};
/* End PBXNativeTarget section */

/* Begin PBXProject section */
		23895D782086D390008CEB61 /* Project object */ = {
			isa = PBXProject;
			attributes = {
				LastSwiftUpdateCheck = 0930;
				LastUpgradeCheck = 0930;
				ORGANIZATIONNAME = "Austin Betzer";
				TargetAttributes = {
					23895D7F2086D391008CEB61 = {
						CreatedOnToolsVersion = 9.3;
					};
				};
			};
			buildConfigurationList = 23895D7B2086D391008CEB61 /* Build configuration list for PBXProject "FallingStars" */;
			compatibilityVersion = "Xcode 9.3";
			developmentRegion = en;
			hasScannedForEncodings = 0;
			knownRegions = (
				en,
				Base,
			);
			mainGroup = 23895D772086D390008CEB61;
			productRefGroup = 23895D812086D391008CEB61 /* Products */;
			projectDirPath = "";
			projectRoot = "";
			targets = (
				23895D7F2086D391008CEB61 /* FallingStars */,
			);
		};
/* End PBXProject section */

/* Begin PBXResourcesBuildPhase section */
		23895D7E2086D391008CEB61 /* Resources */ = {
			isa = PBXResourcesBuildPhase;
			buildActionMask = 2147483647;
			files = (
				23895D8F2086D391008CEB61 /* Main.storyboard in Resources */,
				23895D912086D392008CEB61 /* Assets.xcassets in Resources */,
				23895D942086D392008CEB61 /* LaunchScreen.storyboard in Resources */,
			);
			runOnlyForDeploymentPostprocessing = 0;
		};
/* End PBXResourcesBuildPhase section */

/* Begin PBXSourcesBuildPhase section */
		23895D7C2086D391008CEB61 /* Sources */ = {
			isa = PBXSourcesBuildPhase;
			buildActionMask = 2147483647;
			files = (
				23895D8A2086D391008CEB61 /* GameScene.swift in Sources */,
				23895D8C2086D391008CEB61 /* GameViewController.swift in Sources */,
				23895D842086D391008CEB61 /* AppDelegate.swift in Sources */,
			);
			runOnlyForDeploymentPostprocessing = 0;
		};
/* End PBXSourcesBuildPhase section */

/* Begin PBXVariantGroup section */
		23895D8D2086D391008CEB61 /* Main.storyboard */ = {
			isa = PBXVariantGroup;
			children = (
				23895D8E2086D391008CEB61 /* Base */,
			);
			name = Main.storyboard;
			sourceTree = "<group>";
		};
		23895D922086D392008CEB61 /* LaunchScreen.storyboard */ = {
			isa = PBXVariantGroup;
			children = (
				23895D932086D392008CEB61 /* Base */,
			);
			name = LaunchScreen.storyboard;
			sourceTree = "<group>";
		};
/* End PBXVariantGroup section */

/* Begin XCBuildConfiguration section */
		23895D962086D392008CEB61 /* Debug */ = {
			isa = XCBuildConfiguration;
			buildSettings = {
				ALWAYS_SEARCH_USER_PATHS = NO;
				CLANG_ANALYZER_NONNULL = YES;
				CLANG_ANALYZER_NUMBER_OBJECT_CONVERSION = YES_AGGRESSIVE;
				CLANG_CXX_LANGUAGE_STANDARD = "gnu++14";
				CLANG_CXX_LIBRARY = "libc++";
				CLANG_ENABLE_MODULES = YES;
				CLANG_ENABLE_OBJC_ARC = YES;
				CLANG_ENABLE_OBJC_WEAK = YES;
				CLANG_WARN_BLOCK_CAPTURE_AUTORELEASING = YES;
				CLANG_WARN_BOOL_CONVERSION = YES;
				CLANG_WARN_COMMA = YES;
				CLANG_WARN_CONSTANT_CONVERSION = YES;
				CLANG_WARN_DEPRECATED_OBJC_IMPLEMENTATIONS = YES;
				CLANG_WARN_DIRECT_OBJC_ISA_USAGE = YES_ERROR;
				CLANG_WARN_DOCUMENTATION_COMMENTS = YES;
				CLANG_WARN_EMPTY_BODY = YES;
				CLANG_WARN_ENUM_CONVERSION = YES;
				CLANG_WARN_INFINITE_RECURSION = YES;
				CLANG_WARN_INT_CONVERSION = YES;
				CLANG_WARN_NON_LITERAL_NULL_CONVERSION = YES;
				CLANG_WARN_OBJC_IMPLICIT_RETAIN_SELF = YES;
				CLANG_WARN_OBJC_LITERAL_CONVERSION = YES;
				CLANG_WARN_OBJC_ROOT_CLASS = YES_ERROR;
				CLANG_WARN_RANGE_LOOP_ANALYSIS = YES;
				CLANG_WARN_STRICT_PROTOTYPES = YES;
				CLANG_WARN_SUSPICIOUS_MOVE = YES;
				CLANG_WARN_UNGUARDED_AVAILABILITY = YES_AGGRESSIVE;
				CLANG_WARN_UNREACHABLE_CODE = YES;
				CLANG_WARN__DUPLICATE_METHOD_MATCH = YES;
				CODE_SIGN_IDENTITY = "iPhone Developer";
				COPY_PHASE_STRIP = NO;
				DEBUG_INFORMATION_FORMAT = dwarf;
				ENABLE_STRICT_OBJC_MSGSEND = YES;
				ENABLE_TESTABILITY = YES;
				GCC_C_LANGUAGE_STANDARD = gnu11;
				GCC_DYNAMIC_NO_PIC = NO;
				GCC_NO_COMMON_BLOCKS = YES;
				GCC_OPTIMIZATION_LEVEL = 0;
				GCC_PREPROCESSOR_DEFINITIONS = (
					"DEBUG=1",
					"$(inherited)",
				);
				GCC_WARN_64_TO_32_BIT_CONVERSION = YES;
				GCC_WARN_ABOUT_RETURN_TYPE = YES_ERROR;
				GCC_WARN_UNDECLARED_SELECTOR = YES;
				GCC_WARN_UNINITIALIZED_AUTOS = YES_AGGRESSIVE;
				GCC_WARN_UNUSED_FUNCTION = YES;
				GCC_WARN_UNUSED_VARIABLE = YES;
				IPHONEOS_DEPLOYMENT_TARGET = 11.3;
				MTL_ENABLE_DEBUG_INFO = YES;
				ONLY_ACTIVE_ARCH = YES;
				SDKROOT = iphoneos;
				SWIFT_ACTIVE_COMPILATION_CONDITIONS = DEBUG;
				SWIFT_OPTIMIZATION_LEVEL = "-Onone";
			};
			name = Debug;
		};
		23895D972086D392008CEB61 /* Release */ = {
			isa = XCBuildConfiguration;
			buildSettings = {
				ALWAYS_SEARCH_USER_PATHS = NO;
				CLANG_ANALYZER_NONNULL = YES;
				CLANG_ANALYZER_NUMBER_OBJECT_CONVERSION = YES_AGGRESSIVE;
				CLANG_CXX_LANGUAGE_STANDARD = "gnu++14";
				CLANG_CXX_LIBRARY = "libc++";
				CLANG_ENABLE_MODULES = YES;
				CLANG_ENABLE_OBJC_ARC = YES;
				CLANG_ENABLE_OBJC_WEAK = YES;
				CLANG_WARN_BLOCK_CAPTURE_AUTORELEASING = YES;
				CLANG_WARN_BOOL_CONVERSION = YES;
				CLANG_WARN_COMMA = YES;
				CLANG_WARN_CONSTANT_CONVERSION = YES;
				CLANG_WARN_DEPRECATED_OBJC_IMPLEMENTATIONS = YES;
				CLANG_WARN_DIRECT_OBJC_ISA_USAGE = YES_ERROR;
				CLANG_WARN_DOCUMENTATION_COMMENTS = YES;
				CLANG_WARN_EMPTY_BODY = YES;
				CLANG_WARN_ENUM_CONVERSION = YES;
				CLANG_WARN_INFINITE_RECURSION = YES;
				CLANG_WARN_INT_CONVERSION = YES;
				CLANG_WARN_NON_LITERAL_NULL_CONVERSION = YES;
				CLANG_WARN_OBJC_IMPLICIT_RETAIN_SELF = YES;
				CLANG_WARN_OBJC_LITERAL_CONVERSION = YES;
				CLANG_WARN_OBJC_ROOT_CLASS = YES_ERROR;
				CLANG_WARN_RANGE_LOOP_ANALYSIS = YES;
				CLANG_WARN_STRICT_PROTOTYPES = YES;
				CLANG_WARN_SUSPICIOUS_MOVE = YES;
				CLANG_WARN_UNGUARDED_AVAILABILITY = YES_AGGRESSIVE;
				CLANG_WARN_UNREACHABLE_CODE = YES;
				CLANG_WARN__DUPLICATE_METHOD_MATCH = YES;
				CODE_SIGN_IDENTITY = "iPhone Developer";
				COPY_PHASE_STRIP = NO;
				DEBUG_INFORMATION_FORMAT = "dwarf-with-dsym";
				ENABLE_NS_ASSERTIONS = NO;
				ENABLE_STRICT_OBJC_MSGSEND = YES;
				GCC_C_LANGUAGE_STANDARD = gnu11;
				GCC_NO_COMMON_BLOCKS = YES;
				GCC_WARN_64_TO_32_BIT_CONVERSION = YES;
				GCC_WARN_ABOUT_RETURN_TYPE = YES_ERROR;
				GCC_WARN_UNDECLARED_SELECTOR = YES;
				GCC_WARN_UNINITIALIZED_AUTOS = YES_AGGRESSIVE;
				GCC_WARN_UNUSED_FUNCTION = YES;
				GCC_WARN_UNUSED_VARIABLE = YES;
				IPHONEOS_DEPLOYMENT_TARGET = 11.3;
				MTL_ENABLE_DEBUG_INFO = NO;
				SDKROOT = iphoneos;
				SWIFT_COMPILATION_MODE = wholemodule;
				SWIFT_OPTIMIZATION_LEVEL = "-O";
				VALIDATE_PRODUCT = YES;
			};
			name = Release;
		};
		23895D992086D392008CEB61 /* Debug */ = {
			isa = XCBuildConfiguration;
			buildSettings = {
				ASSETCATALOG_COMPILER_APPICON_NAME = AppIcon;
				CODE_SIGN_STYLE = Automatic;
				DEVELOPMENT_TEAM = RE524LJXV2;
				INFOPLIST_FILE = "$(SRCROOT)/FallingStars/Resources/Info.plist";
				LD_RUNPATH_SEARCH_PATHS = (
					"$(inherited)",
					"@executable_path/Frameworks",
				);
				PRODUCT_BUNDLE_IDENTIFIER = ETSMovement.FallingStars;
				PRODUCT_NAME = "$(TARGET_NAME)";
				SWIFT_VERSION = 4.0;
				TARGETED_DEVICE_FAMILY = "1,2";
			};
			name = Debug;
		};
		23895D9A2086D392008CEB61 /* Release */ = {
			isa = XCBuildConfiguration;
			buildSettings = {
				ASSETCATALOG_COMPILER_APPICON_NAME = AppIcon;
				CODE_SIGN_STYLE = Automatic;
				DEVELOPMENT_TEAM = RE524LJXV2;
				INFOPLIST_FILE = "$(SRCROOT)/FallingStars/Resources/Info.plist";
				LD_RUNPATH_SEARCH_PATHS = (
					"$(inherited)",
					"@executable_path/Frameworks",
				);
				PRODUCT_BUNDLE_IDENTIFIER = ETSMovement.FallingStars;
				PRODUCT_NAME = "$(TARGET_NAME)";
				SWIFT_VERSION = 4.0;
				TARGETED_DEVICE_FAMILY = "1,2";
			};
			name = Release;
		};
/* End XCBuildConfiguration section */

/* Begin XCConfigurationList section */
		23895D7B2086D391008CEB61 /* Build configuration list for PBXProject "FallingStars" */ = {
			isa = XCConfigurationList;
			buildConfigurations = (
				23895D962086D392008CEB61 /* Debug */,
				23895D972086D392008CEB61 /* Release */,
			);
			defaultConfigurationIsVisible = 0;
			defaultConfigurationName = Release;
		};
		23895D982086D392008CEB61 /* Build configuration list for PBXNativeTarget "FallingStars" */ = {
			isa = XCConfigurationList;
			buildConfigurations = (
				23895D992086D392008CEB61 /* Debug */,
				23895D9A2086D392008CEB61 /* Release */,
			);
			defaultConfigurationIsVisible = 0;
			defaultConfigurationName = Release;
		};
/* End XCConfigurationList section */
	};
	rootObject = 23895D782086D390008CEB61 /* Project object */;
}
